
Microsoft Visual Studio Solution File, Format Version 11.00
# Visual Studio 2010
Project("{FAE04EC0-301F-11D3-BF4B-00C04F79EFBC}") = "NCR_Test", "NCR_Test\NCR_Test.csproj", "{DAEE0069-8400-4839-BA18-46023A5D637C}"
EndProject
Project("{FAE04EC0-301F-11D3-BF4B-00C04F79EFBC}") = "TestProject1", "TestProject1\TestProject1.csproj", "{14105909-54B8-4BC1-B0A6-0424039BEA95}"
EndProject
Project("{2150E333-8FDC-42A3-9474-1A3956D46DE8}") = "Solution Items", "Solution Items", "{46E3CB72-AAB6-4CA0-B6A1-75F12044548D}"
	ProjectSection(SolutionItems) = preProject
		Local.testsettings = Local.testsettings
		NCR_Test.vsmdi = NCR_Test.vsmdi
		TraceAndTestImpact.testsettings = TraceAndTestImpact.testsettings
	EndProjectSection
EndProject
Global
	GlobalSection(TestCaseManagementSettings) = postSolution
		CategoryFile = NCR_Test.vsmdi
	EndGlobalSection
	GlobalSection(SolutionConfigurationPlatforms) = preSolution
		Debug|Any CPU = Debug|Any CPU
		Debug|Mixed Platforms = Debug|Mixed Platforms
		Debug|x86 = Debug|x86
		Release|Any CPU = Release|Any CPU
		Release|Mixed Platforms = Release|Mixed Platforms
		Release|x86 = Release|x86
	EndGlobalSection
	GlobalSection(ProjectConfigurationPlatforms) = postSolution
		{DAEE0069-8400-4839-BA18-46023A5D637C}.Debug|Any CPU.ActiveCfg = Debug|x86
		{DAEE0069-8400-4839-BA18-46023A5D637C}.Debug|Mixed Platforms.ActiveCfg = Debug|x86
		{DAEE0069-8400-4839-BA18-46023A5D637C}.Debug|Mixed Platforms.Build.0 = Debug|x86
		{DAEE0069-8400-4839-BA18-46023A5D637C}.Debug|x86.ActiveCfg = Debug|x86
		{DAEE0069-8400-4839-BA18-46023A5D637C}.Debug|x86.Build.0 = Debug|x86
		{DAEE0069-8400-4839-BA18-46023A5D637C}.Release|Any CPU.ActiveCfg = Release|x86
		{DAEE0069-8400-4839-BA18-46023A5D637C}.Release|Mixed Platforms.ActiveCfg = Release|x86
		{DAEE0069-8400-4839-BA18-46023A5D637C}.Release|Mixed Platforms.Build.0 = Release|x86
		{DAEE0069-8400-4839-BA18-46023A5D637C}.Release|x86.ActiveCfg = Release|x86
		{DAEE0069-8400-4839-BA18-46023A5D637C}.Release|x86.Build.0 = Release|x86
		{14105909-54B8-4BC1-B0A6-0424039BEA95}.Debug|Any CPU.ActiveCfg = Debug|Any CPU
		{14105909-54B8-4BC1-B0A6-0424039BEA95}.Debug|Any CPU.Build.0 = Debug|Any CPU
		{14105909-54B8-4BC1-B0A6-0424039BEA95}.Debug|Mixed Platforms.ActiveCfg = Debug|Any CPU
		{14105909-54B8-4BC1-B0A6-0424039BEA95}.Debug|Mixed Platforms.Build.0 = Debug|Any CPU
		{14105909-54B8-4BC1-B0A6-0424039BEA95}.Debug|x86.ActiveCfg = Debug|Any CPU
		{14105909-54B8-4BC1-B0A6-0424039BEA95}.Release|Any CPU.ActiveCfg = Release|Any CPU
		{14105909-54B8-4BC1-B0A6-0424039BEA95}.Release|Any CPU.Build.0 = Release|Any CPU
		{14105909-54B8-4BC1-B0A6-0424039BEA95}.Release|Mixed Platforms.ActiveCfg = Release|Any CPU
		{14105909-54B8-4BC1-B0A6-0424039BEA95}.Release|Mixed Platforms.Build.0 = Release|Any CPU
		{14105909-54B8-4BC1-B0A6-0424039BEA95}.Release|x86.ActiveCfg = Release|Any CPU
	EndGlobalSection
	GlobalSection(SolutionProperties) = preSolution
		HideSolutionNode = FALSE
	EndGlobalSection
EndGlobal
